
Microsoft Visual Studio Solution File, Format Version 12.00
# Visual Studio Version 17
VisualStudioVersion = 17.7.34018.315
MinimumVisualStudioVersion = 10.0.40219.1
Project("{FAE04EC0-301F-11D3-BF4B-00C04F79EFBC}") = "Code Analysis Tool", "Code Analysis Tool\Code Analysis Tool.csproj", "{F5A2464E-7A3F-425C-AFD7-7DF95E7AA750}"
EndProject
Global
	GlobalSection(SolutionConfigurationPlatforms) = preSolution
		Debug|Any CPU = Debug|Any CPU
		Release|Any CPU = Release|Any CPU
	EndGlobalSection
	GlobalSection(ProjectConfigurationPlatforms) = postSolution
		{F5A2464E-7A3F-425C-AFD7-7DF95E7AA750}.Debug|Any CPU.ActiveCfg = Debug|Any CPU
		{F5A2464E-7A3F-425C-AFD7-7DF95E7AA750}.Debug|Any CPU.Build.0 = Debug|Any CPU
		{F5A2464E-7A3F-425C-AFD7-7DF95E7AA750}.Release|Any CPU.ActiveCfg = Release|Any CPU
		{F5A2464E-7A3F-425C-AFD7-7DF95E7AA750}.Release|Any CPU.Build.0 = Release|Any CPU
	EndGlobalSection
	GlobalSection(SolutionProperties) = preSolution
		HideSolutionNode = FALSE
	EndGlobalSection
	GlobalSection(ExtensibilityGlobals) = postSolution
		SolutionGuid = {8693EB4B-8A5A-42A5-9C3A-078A6B9E0A66}
	EndGlobalSection
EndGlobal
